
Microsoft Visual Studio Solution File, Format Version 12.00
# Visual Studio 2013
VisualStudioVersion = 12.0.30723.0
MinimumVisualStudioVersion = 10.0.40219.1
Project("{FAE04EC0-301F-11D3-BF4B-00C04F79EFBC}") = "1DV402.S2.L02A", "1DV402.S2.L02A\1DV402.S2.L02A.csproj", "{B2D0EBA7-CF72-49A9-A7C2-F2CC8A4DF00D}"
EndProject
Global
	GlobalSection(SolutionConfigurationPlatforms) = preSolution
		Debug|Any CPU = Debug|Any CPU
		Release|Any CPU = Release|Any CPU
	EndGlobalSection
	GlobalSection(ProjectConfigurationPlatforms) = postSolution
		{B2D0EBA7-CF72-49A9-A7C2-F2CC8A4DF00D}.Debug|Any CPU.ActiveCfg = Debug|Any CPU
		{B2D0EBA7-CF72-49A9-A7C2-F2CC8A4DF00D}.Debug|Any CPU.Build.0 = Debug|Any CPU
		{B2D0EBA7-CF72-49A9-A7C2-F2CC8A4DF00D}.Release|Any CPU.ActiveCfg = Release|Any CPU
		{B2D0EBA7-CF72-49A9-A7C2-F2CC8A4DF00D}.Release|Any CPU.Build.0 = Release|Any CPU
	EndGlobalSection
	GlobalSection(SolutionProperties) = preSolution
		HideSolutionNode = FALSE
	EndGlobalSection
EndGlobal
